
Microsoft Visual Studio Solution File, Format Version 12.00
# Visual Studio Version 17
VisualStudioVersion = 17.0.31903.59
MinimumVisualStudioVersion = 10.0.40219.1
Project("{FAE04EC0-301F-11D3-BF4B-00C04F79EFBC}") = "rfeTestAPI", "rfeTestAPI\rfeTestAPI.csproj", "{E65B6B37-5ECE-4F3A-A6A6-09C8F553EB2F}"
EndProject
Project("{FAE04EC0-301F-11D3-BF4B-00C04F79EFBC}") = "rfeTestCLIENT", "rfeTestCLIENT\rfeTestCLIENT.csproj", "{C5BF43CF-702A-4A50-9A89-6050E96F8DC0}"
EndProject
Global
	GlobalSection(SolutionConfigurationPlatforms) = preSolution
		Debug|Any CPU = Debug|Any CPU
		Release|Any CPU = Release|Any CPU
	EndGlobalSection
	GlobalSection(ProjectConfigurationPlatforms) = postSolution
		{E65B6B37-5ECE-4F3A-A6A6-09C8F553EB2F}.Debug|Any CPU.ActiveCfg = Debug|Any CPU
		{E65B6B37-5ECE-4F3A-A6A6-09C8F553EB2F}.Debug|Any CPU.Build.0 = Debug|Any CPU
		{E65B6B37-5ECE-4F3A-A6A6-09C8F553EB2F}.Release|Any CPU.ActiveCfg = Release|Any CPU
		{E65B6B37-5ECE-4F3A-A6A6-09C8F553EB2F}.Release|Any CPU.Build.0 = Release|Any CPU
		{C5BF43CF-702A-4A50-9A89-6050E96F8DC0}.Debug|Any CPU.ActiveCfg = Debug|Any CPU
		{C5BF43CF-702A-4A50-9A89-6050E96F8DC0}.Debug|Any CPU.Build.0 = Debug|Any CPU
		{C5BF43CF-702A-4A50-9A89-6050E96F8DC0}.Release|Any CPU.ActiveCfg = Release|Any CPU
		{C5BF43CF-702A-4A50-9A89-6050E96F8DC0}.Release|Any CPU.Build.0 = Release|Any CPU
	EndGlobalSection
	GlobalSection(SolutionProperties) = preSolution
		HideSolutionNode = FALSE
	EndGlobalSection
	GlobalSection(ExtensibilityGlobals) = postSolution
		SolutionGuid = {429A9260-5A69-412B-A24B-5073DC4698E6}
	EndGlobalSection
EndGlobal
